
Microsoft Visual Studio Solution File, Format Version 12.00
# Visual Studio Version 17
VisualStudioVersion = 17.10.34928.147
MinimumVisualStudioVersion = 10.0.40219.1
Project("{FAE04EC0-301F-11D3-BF4B-00C04F79EFBC}") = "MyProject.Api", "MyProject\MyProject.Api.csproj", "{10BF4025-9C90-4688-905F-3F4A911F9E7C}"
EndProject
Project("{FAE04EC0-301F-11D3-BF4B-00C04F79EFBC}") = "MyProject.Application", "MyProject.Application\MyProject.Application.csproj", "{C1FFFE4F-F24B-49D1-B198-B457B2BCE8C0}"
EndProject
Project("{FAE04EC0-301F-11D3-BF4B-00C04F79EFBC}") = "MyProject.Domain", "MyProject.Domain\MyProject.Domain.csproj", "{3FB4B312-819A-44E7-BDA2-C86302FC3012}"
EndProject
Project("{FAE04EC0-301F-11D3-BF4B-00C04F79EFBC}") = "MyProject.DataAccess", "MyProject.DataAccess\MyProject.DataAccess.csproj", "{460BAD09-5A1F-4CA9-8740-063217C4C3D6}"
EndProject
Project("{FAE04EC0-301F-11D3-BF4B-00C04F79EFBC}") = "MyProject.Implementation", "MyProject.Implementation\MyProject.Implementation.csproj", "{36125015-C842-4892-B84B-172EBB1CD271}"
EndProject
Global
	GlobalSection(SolutionConfigurationPlatforms) = preSolution
		Debug|Any CPU = Debug|Any CPU
		Release|Any CPU = Release|Any CPU
	EndGlobalSection
	GlobalSection(ProjectConfigurationPlatforms) = postSolution
		{10BF4025-9C90-4688-905F-3F4A911F9E7C}.Debug|Any CPU.ActiveCfg = Debug|Any CPU
		{10BF4025-9C90-4688-905F-3F4A911F9E7C}.Debug|Any CPU.Build.0 = Debug|Any CPU
		{10BF4025-9C90-4688-905F-3F4A911F9E7C}.Release|Any CPU.ActiveCfg = Release|Any CPU
		{10BF4025-9C90-4688-905F-3F4A911F9E7C}.Release|Any CPU.Build.0 = Release|Any CPU
		{C1FFFE4F-F24B-49D1-B198-B457B2BCE8C0}.Debug|Any CPU.ActiveCfg = Debug|Any CPU
		{C1FFFE4F-F24B-49D1-B198-B457B2BCE8C0}.Debug|Any CPU.Build.0 = Debug|Any CPU
		{C1FFFE4F-F24B-49D1-B198-B457B2BCE8C0}.Release|Any CPU.ActiveCfg = Release|Any CPU
		{C1FFFE4F-F24B-49D1-B198-B457B2BCE8C0}.Release|Any CPU.Build.0 = Release|Any CPU
		{3FB4B312-819A-44E7-BDA2-C86302FC3012}.Debug|Any CPU.ActiveCfg = Debug|Any CPU
		{3FB4B312-819A-44E7-BDA2-C86302FC3012}.Debug|Any CPU.Build.0 = Debug|Any CPU
		{3FB4B312-819A-44E7-BDA2-C86302FC3012}.Release|Any CPU.ActiveCfg = Release|Any CPU
		{3FB4B312-819A-44E7-BDA2-C86302FC3012}.Release|Any CPU.Build.0 = Release|Any CPU
		{460BAD09-5A1F-4CA9-8740-063217C4C3D6}.Debug|Any CPU.ActiveCfg = Debug|Any CPU
		{460BAD09-5A1F-4CA9-8740-063217C4C3D6}.Debug|Any CPU.Build.0 = Debug|Any CPU
		{460BAD09-5A1F-4CA9-8740-063217C4C3D6}.Release|Any CPU.ActiveCfg = Release|Any CPU
		{460BAD09-5A1F-4CA9-8740-063217C4C3D6}.Release|Any CPU.Build.0 = Release|Any CPU
		{36125015-C842-4892-B84B-172EBB1CD271}.Debug|Any CPU.ActiveCfg = Debug|Any CPU
		{36125015-C842-4892-B84B-172EBB1CD271}.Debug|Any CPU.Build.0 = Debug|Any CPU
		{36125015-C842-4892-B84B-172EBB1CD271}.Release|Any CPU.ActiveCfg = Release|Any CPU
		{36125015-C842-4892-B84B-172EBB1CD271}.Release|Any CPU.Build.0 = Release|Any CPU
	EndGlobalSection
	GlobalSection(SolutionProperties) = preSolution
		HideSolutionNode = FALSE
	EndGlobalSection
	GlobalSection(ExtensibilityGlobals) = postSolution
		SolutionGuid = {AEEA4971-D24B-4012-BBA1-B24691FF0942}
	EndGlobalSection
EndGlobal
